
Microsoft Visual Studio Solution File, Format Version 12.00
# Visual Studio Version 17
VisualStudioVersion = 17.4.33103.184
MinimumVisualStudioVersion = 10.0.40219.1
Project("{FAE04EC0-301F-11D3-BF4B-00C04F79EFBC}") = "provaaudioconsole", "provaaudioconsole\provaaudioconsole.csproj", "{C2C71A6B-7298-4AA2-8BC1-FF15C96BDD04}"
EndProject
Global
	GlobalSection(SolutionConfigurationPlatforms) = preSolution
		Debug|Any CPU = Debug|Any CPU
		Release|Any CPU = Release|Any CPU
	EndGlobalSection
	GlobalSection(ProjectConfigurationPlatforms) = postSolution
		{C2C71A6B-7298-4AA2-8BC1-FF15C96BDD04}.Debug|Any CPU.ActiveCfg = Debug|Any CPU
		{C2C71A6B-7298-4AA2-8BC1-FF15C96BDD04}.Debug|Any CPU.Build.0 = Debug|Any CPU
		{C2C71A6B-7298-4AA2-8BC1-FF15C96BDD04}.Release|Any CPU.ActiveCfg = Release|Any CPU
		{C2C71A6B-7298-4AA2-8BC1-FF15C96BDD04}.Release|Any CPU.Build.0 = Release|Any CPU
	EndGlobalSection
	GlobalSection(SolutionProperties) = preSolution
		HideSolutionNode = FALSE
	EndGlobalSection
	GlobalSection(ExtensibilityGlobals) = postSolution
		SolutionGuid = {A57A5785-034F-4F16-BF45-207100DA30BB}
	EndGlobalSection
EndGlobal
